<?xml version="1.0" encoding="utf-8"?>
<Project ToolsVersion="4.0" xmlns="http://schemas.microsoft.com/developer/msbuild/2003">
  <ItemGroup>
    <ClCompile Include="Amulet.cpp" />
    <ClCompile Include="BackGround.cpp" />
    <ClCompile Include="Game.cpp" />
    <ClCompile Include="GameCamera.cpp" />
    <ClCompile Include="GameClear.cpp" />
    <ClCompile Include="GameOver.cpp" />
    <ClCompile Include="main.cpp" />
    <ClCompile Include="Player.cpp" />
    <ClCompile Include="Purification.cpp" />
    <ClCompile Include="stdafx.cpp" />
    <ClCompile Include="system\system.cpp" />
    <ClCompile Include="Title.cpp" />
    <ClCompile Include="TukuyomiBlessing.cpp" />
    <ClCompile Include="Enemy.cpp" />
    <ClCompile Include="CrossHair.cpp" />
    <ClCompile Include="Shimenawa.cpp" />
    <ClCompile Include="Stone.cpp" />
    <ClCompile Include="Lantern.cpp" />
    <ClCompile Include="LanternAttack.cpp" />
    <ClCompile Include="UIStone.cpp" />
    <ClCompile Include="SpriteCollection.cpp" />
    <ClCompile Include="MiniMap.cpp" />
    <ClCompile Include="UIcurseBar.cpp" />
    <ClCompile Include="UIheal.cpp" />
    <ClCompile Include="UIropeGauge.cpp" />
    <ClCompile Include="UISimenawa.cpp" />
    <ClCompile Include="UIskill.cpp" />
    <ClCompile Include="UItukuyomi.cpp" />
    <ClCompile Include="SpriteLight.cpp" />
    <ClCompile Include="SpriteNoStone.cpp" />
    <ClCompile Include="TimingBarA.cpp" />
    <ClCompile Include="Line.cpp" />
    <ClCompile Include="TimingBarB.cpp" />
    <ClCompile Include="TimingBarC.cpp" />
    <ClCompile Include="SpritePush.cpp" />
    <ClCompile Include="RingBell.cpp" />
    <ClCompile Include="PlayerLight.cpp" />
    <ClCompile Include="EnemyBase.cpp" />
    <ClCompile Include="LittleEnemy.cpp" />
    <ClCompile Include="Poison.cpp" />
    <ClCompile Include="BossEnemy.cpp" />
    <ClCompile Include="AnnoyingEnemy.cpp" />
    <ClCompile Include="Fade.cpp" />
    <ClCompile Include="LanternLight.cpp" />
    <ClCompile Include="RedFlame.cpp" />
    <ClCompile Include="BlueFlame.cpp" />
    <ClCompile Include="LanternAttackLight.cpp" />
    <ClCompile Include="BellSpriteRender.cpp" />
    <ClCompile Include="NoHeal.cpp" />
    <ClCompile Include="EnemyUI.cpp" />
  </ItemGroup>
  <ItemGroup>
    <ClInclude Include="Amulet.h" />
    <ClInclude Include="BackGround.h" />
    <ClInclude Include="Game.h" />
    <ClInclude Include="GameCamera.h" />
    <ClInclude Include="GameClear.h" />
    <ClInclude Include="GameOver.h" />
    <ClInclude Include="Player.h" />
    <ClInclude Include="Purification.h" />
    <ClInclude Include="stdafx.h" />
    <ClInclude Include="system\system.h" />
    <ClInclude Include="Title.h" />
    <ClInclude Include="TukuyomiBlessing.h" />
    <ClInclude Include="Enemy.h" />
    <ClInclude Include="CrossHair.h" />
    <ClInclude Include="Shimenawa.h" />
    <ClInclude Include="Stone.h" />
    <ClInclude Include="Lantern.h" />
    <ClInclude Include="LanternAttack.h" />
    <ClInclude Include="UIStone.h" />
    <ClInclude Include="SpriteCollection.h" />
    <ClInclude Include="MiniMap.h" />
    <ClInclude Include="UIcurseBar.h" />
    <ClInclude Include="UIheal.h" />
    <ClInclude Include="UIropeGauge.h" />
    <ClInclude Include="UIScreen.h" />
    <ClInclude Include="UISimenawa.h" />
    <ClInclude Include="UIskill.h" />
    <ClInclude Include="UItukuyomi.h" />
    <ClInclude Include="SpriteLight.h" />
    <ClInclude Include="SpriteNoStone.h" />
    <ClInclude Include="TimingBarA.h" />
    <ClInclude Include="Line.h" />
    <ClInclude Include="TimingBarB.h" />
    <ClInclude Include="TimingBarC.h" />
    <ClInclude Include="SpritePush.h" />
    <ClInclude Include="RingBell.h" />
    <ClInclude Include="Assets\shader\util\ColorSpace.h" />
    <ClInclude Include="PlayerLight.h" />
    <ClInclude Include="EnemyBase.h" />
    <ClInclude Include="LittleEnemy.h" />
    <ClInclude Include="Poison.h" />
    <ClInclude Include="BossEnemy.h" />
    <ClInclude Include="AnnoyingEnemy.h" />
    <ClInclude Include="Fade.h" />
    <ClInclude Include="LanternLight.h" />
    <ClInclude Include="RedFlame.h" />
    <ClInclude Include="BlueFlame.h" />
    <ClInclude Include="LanternAttackLight.h" />
    <ClInclude Include="BellSpriteRender.h" />
    <ClInclude Include="NoHeal.h" />
    <ClInclude Include="EnemyUI.h" />
  </ItemGroup>
  <ItemGroup>
    <None Include="dxcompiler.dll" />
    <None Include="dxil.dll" />
    <None Include="Assets\modelData\preset\sky.tkm" />
    <None Include="Assets\modelData\preset\vector.tkm" />
    <None Include="Assets\modelData\preset\VolumePointLight.tkm" />
    <None Include="Assets\modelData\preset\VolumeSpotLight.tkm" />
    <None Include="Assets\modelData\bg.tkm" />
    <None Include="Assets\modelData\ground.tkm" />
    <None Include="Assets\modelData\unityChan.fbx" />
    <None Include="Assets\modelData\unityChan.tkm" />
    <None Include="Assets\modelData\unityChan.tks" />
    <None Include=".editorconfig" />
  </ItemGroup>
  <ItemGroup>
    <Image Include="Assets\modelData\preset\albedoMap_None.png" />
    <Image Include="Assets\modelData\preset\miniRed.DDS" />
    <Image Include="Assets\modelData\preset\miniRed.png" />
    <Image Include="Assets\modelData\preset\normalMap_None.DDS" />
    <Image Include="Assets\modelData\preset\NullAlbedoMap.DDS" />
    <Image Include="Assets\modelData\preset\NullNormalMap.bmp" />
    <Image Include="Assets\modelData\preset\NullNormalMap.DDS" />
    <Image Include="Assets\modelData\preset\skyCubeMap.dds" />
    <Image Include="Assets\modelData\preset\skyCubeMapDay_Toon.dds" />
    <Image Include="Assets\modelData\preset\skyCubeMapDay_Toon_02.dds" />
    <Image Include="Assets\modelData\preset\skyCubeMapDay_Toon_03.dds" />
    <Image Include="Assets\modelData\preset\skyCubeMapDay_Toon_04.dds" />
    <Image Include="Assets\modelData\preset\skyCubeMapEuro.dds" />
    <Image Include="Assets\modelData\preset\skyCubeMapGrass.dds" />
    <Image Include="Assets\modelData\preset\skyCubeMapNight.dds" />
    <Image Include="Assets\modelData\preset\skyCubeMapNight_Toon.dds" />
    <Image Include="Assets\modelData\preset\skyCubeMapNight_Toon_02.dds" />
    <Image Include="Assets\modelData\preset\skyCubeMapSnow._2dds.dds" />
    <Image Include="Assets\modelData\preset\skyCubeMapSnow.dds" />
    <Image Include="Assets\modelData\preset\skyCubeMapSnow_2.dds" />
    <Image Include="Assets\modelData\preset\skyCubeMapSpace_Toon.dds" />
    <Image Include="Assets\modelData\preset\skyCubeMapSpace_Toon_2.dds" />
    <Image Include="Assets\modelData\preset\skyCubeMapSunrise_Toon.dds" />
    <Image Include="Assets\modelData\preset\skyCubeMapWild.dds" />
    <Image Include="Assets\modelData\preset\skyCubeMapWild_2.dds" />
    <Image Include="Assets\modelData\preset\skyCubeMapWild_Night.dds" />
    <Image Include="Assets\modelData\preset\specMap_None.DDS" />
    <Image Include="Assets\modelData\preset\vectorColor.DDS" />
    <Image Include="Assets\modelData\preset\vectorColor2.DDS" />
    <Image Include="Assets\modelData\preset\VolumeSpotLight.bmp" />
    <Image Include="Assets\modelData\preset\VolumeSpotLight.DDS" />
    <Image Include="Assets\modelData\preset\ZeroValueMap.DDS" />
    <Image Include="Assets\modelData\building.DDS" />
    <Image Include="Assets\modelData\ground.DDS" />
    <Image Include="Assets\modelData\utc_all2.DDS" />
    <Image Include="Assets\modelData\utc_nomal.DDS" />
    <Image Include="Assets\modelData\utc_spec.DDS" />
  </ItemGroup>
</Project>