<?xml version="1.0" encoding="utf-8"?>
<Project ToolsVersion="4.0" xmlns="http://schemas.microsoft.com/developer/msbuild/2003">
  <ItemGroup>
    <ClCompile Include="Amulet.cpp" />
    <ClCompile Include="BackGround.cpp" />
    <ClCompile Include="Game.cpp" />
    <ClCompile Include="GameCamera.cpp" />
    <ClCompile Include="GameClear.cpp" />
    <ClCompile Include="GameOver.cpp" />
    <ClCompile Include="main.cpp" />
    <ClCompile Include="Player.cpp" />
    <ClCompile Include="Purification.cpp" />
    <ClCompile Include="stdafx.cpp" />
    <ClCompile Include="system\system.cpp" />
    <ClCompile Include="Title.cpp" />
    <ClCompile Include="TukuyomiBlessing.cpp" />
    <ClCompile Include="Enemy.cpp" />
    <ClCompile Include="CrossHair.cpp" />
    <ClCompile Include="Shimenawa.cpp" />
    <ClCompile Include="BossEnemy.cpp" />
  </ItemGroup>
  <ItemGroup>
    <ClInclude Include="Amulet.h" />
    <ClInclude Include="BackGround.h" />
    <ClInclude Include="Game.h" />
    <ClInclude Include="GameCamera.h" />
    <ClInclude Include="GameClear.h" />
    <ClInclude Include="GameOver.h" />
    <ClInclude Include="Player.h" />
    <ClInclude Include="Purification.h" />
    <ClInclude Include="stdafx.h" />
    <ClInclude Include="system\system.h" />
    <ClInclude Include="Title.h" />
    <ClInclude Include="TukuyomiBlessing.h" />
    <ClInclude Include="Enemy.h" />
    <ClInclude Include="CrossHair.h" />
    <ClInclude Include="Shimenawa.h" />
    <ClInclude Include="BossEnemy.h" />
  </ItemGroup>
  <ItemGroup>
    <None Include="dxcompiler.dll" />
    <None Include="dxil.dll" />
  </ItemGroup>
</Project>